
Microsoft Visual Studio Solution File, Format Version 12.00
# Visual Studio Version 17
VisualStudioVersion = 17.10.35027.167
MinimumVisualStudioVersion = 10.0.40219.1
Project("{FAE04EC0-301F-11D3-BF4B-00C04F79EFBC}") = "majmyl", "majmyl\majmyl.csproj", "{ECFE4867-0FC8-43A9-9AE7-CD9DBEB01654}"
EndProject
Global
	GlobalSection(SolutionConfigurationPlatforms) = preSolution
		Debug|Any CPU = Debug|Any CPU
		Release|Any CPU = Release|Any CPU
	EndGlobalSection
	GlobalSection(ProjectConfigurationPlatforms) = postSolution
		{ECFE4867-0FC8-43A9-9AE7-CD9DBEB01654}.Debug|Any CPU.ActiveCfg = Debug|Any CPU
		{ECFE4867-0FC8-43A9-9AE7-CD9DBEB01654}.Debug|Any CPU.Build.0 = Debug|Any CPU
		{ECFE4867-0FC8-43A9-9AE7-CD9DBEB01654}.Release|Any CPU.ActiveCfg = Release|Any CPU
		{ECFE4867-0FC8-43A9-9AE7-CD9DBEB01654}.Release|Any CPU.Build.0 = Release|Any CPU
	EndGlobalSection
	GlobalSection(SolutionProperties) = preSolution
		HideSolutionNode = FALSE
	EndGlobalSection
	GlobalSection(ExtensibilityGlobals) = postSolution
		SolutionGuid = {CB25EE8A-5DC8-4480-9473-405EBEEF0A7E}
	EndGlobalSection
EndGlobal
